// !$*UTF8*$!
{
	archiveVersion = 1;
	classes = {
	};
	objectVersion = 56;
	objects = {

/* Begin PBXBuildFile section */
		A375B3A12B29735D005D85B4 /* AddEmailView.swift in Sources */ = {isa = PBXBuildFile; fileRef = A375B3A02B29735D005D85B4 /* AddEmailView.swift */; };
		A375B3A32B297C7A005D85B4 /* IGTextFieldModifier.swift in Sources */ = {isa = PBXBuildFile; fileRef = A375B3A22B297C7A005D85B4 /* IGTextFieldModifier.swift */; };
		A375B3A52B297E3F005D85B4 /* CreateUsernameView.swift in Sources */ = {isa = PBXBuildFile; fileRef = A375B3A42B297E3F005D85B4 /* CreateUsernameView.swift */; };
		A375B3A72B2980B8005D85B4 /* CreatePasswordView.swift in Sources */ = {isa = PBXBuildFile; fileRef = A375B3A62B2980B8005D85B4 /* CreatePasswordView.swift */; };
		A375B3A92B298674005D85B4 /* CompleteSignupView.swift in Sources */ = {isa = PBXBuildFile; fileRef = A375B3A82B298674005D85B4 /* CompleteSignupView.swift */; };
		A3830EE12B29985F00F0744B /* User.swift in Sources */ = {isa = PBXBuildFile; fileRef = A3830EE02B29985F00F0744B /* User.swift */; };
		A3830EE32B29A38700F0744B /* CurrentUserProfileView.swift in Sources */ = {isa = PBXBuildFile; fileRef = A3830EE22B29A38700F0744B /* CurrentUserProfileView.swift */; };
		A3830EE52B29A7FA00F0744B /* Post.swift in Sources */ = {isa = PBXBuildFile; fileRef = A3830EE42B29A7FA00F0744B /* Post.swift */; };
		A3830EE72B29B20300F0744B /* PostGridView.swift in Sources */ = {isa = PBXBuildFile; fileRef = A3830EE62B29B20300F0744B /* PostGridView.swift */; };
		A3830EE92B29B60E00F0744B /* ProfileHeaderView.swift in Sources */ = {isa = PBXBuildFile; fileRef = A3830EE82B29B60E00F0744B /* ProfileHeaderView.swift */; };
		A3A0AE5E2B27197A00216DCF /* InstagramApp.swift in Sources */ = {isa = PBXBuildFile; fileRef = A3A0AE5D2B27197A00216DCF /* InstagramApp.swift */; };
		A3A0AE602B27197A00216DCF /* ContentView.swift in Sources */ = {isa = PBXBuildFile; fileRef = A3A0AE5F2B27197A00216DCF /* ContentView.swift */; };
		A3A0AE622B27197E00216DCF /* Assets.xcassets in Resources */ = {isa = PBXBuildFile; fileRef = A3A0AE612B27197E00216DCF /* Assets.xcassets */; };
		A3A0AE662B27197E00216DCF /* Preview Assets.xcassets in Resources */ = {isa = PBXBuildFile; fileRef = A3A0AE652B27197E00216DCF /* Preview Assets.xcassets */; };
		A3A0AE792B2723F500216DCF /* MainTabView.swift in Sources */ = {isa = PBXBuildFile; fileRef = A3A0AE782B2723F500216DCF /* MainTabView.swift */; };
		A3A0AE7C2B27256200216DCF /* ProfileView.swift in Sources */ = {isa = PBXBuildFile; fileRef = A3A0AE7B2B27256200216DCF /* ProfileView.swift */; };
		A3A0AE7F2B272E1E00216DCF /* UserStatView.swift in Sources */ = {isa = PBXBuildFile; fileRef = A3A0AE7E2B272E1E00216DCF /* UserStatView.swift */; };
		A3A0AE812B27361700216DCF /* FeedView.swift in Sources */ = {isa = PBXBuildFile; fileRef = A3A0AE802B27361700216DCF /* FeedView.swift */; };
		A3A0AE832B27362600216DCF /* FeedCell.swift in Sources */ = {isa = PBXBuildFile; fileRef = A3A0AE822B27362600216DCF /* FeedCell.swift */; };
		A3A0AE852B273E0400216DCF /* SearchView.swift in Sources */ = {isa = PBXBuildFile; fileRef = A3A0AE842B273E0400216DCF /* SearchView.swift */; };
		A3A0AE872B2741AE00216DCF /* readme.md in Resources */ = {isa = PBXBuildFile; fileRef = A3A0AE862B2741AE00216DCF /* readme.md */; };
		A3A0AE892B2741E400216DCF /* LoginView.swift in Sources */ = {isa = PBXBuildFile; fileRef = A3A0AE882B2741E400216DCF /* LoginView.swift */; };
/* End PBXBuildFile section */

/* Begin PBXFileReference section */
		A375B3A02B29735D005D85B4 /* AddEmailView.swift */ = {isa = PBXFileReference; lastKnownFileType = sourcecode.swift; path = AddEmailView.swift; sourceTree = "<group>"; };
		A375B3A22B297C7A005D85B4 /* IGTextFieldModifier.swift */ = {isa = PBXFileReference; lastKnownFileType = sourcecode.swift; path = IGTextFieldModifier.swift; sourceTree = "<group>"; };
		A375B3A42B297E3F005D85B4 /* CreateUsernameView.swift */ = {isa = PBXFileReference; lastKnownFileType = sourcecode.swift; path = CreateUsernameView.swift; sourceTree = "<group>"; };
		A375B3A62B2980B8005D85B4 /* CreatePasswordView.swift */ = {isa = PBXFileReference; lastKnownFileType = sourcecode.swift; path = CreatePasswordView.swift; sourceTree = "<group>"; };
		A375B3A82B298674005D85B4 /* CompleteSignupView.swift */ = {isa = PBXFileReference; lastKnownFileType = sourcecode.swift; path = CompleteSignupView.swift; sourceTree = "<group>"; };
		A3830EE02B29985F00F0744B /* User.swift */ = {isa = PBXFileReference; lastKnownFileType = sourcecode.swift; path = User.swift; sourceTree = "<group>"; };
		A3830EE22B29A38700F0744B /* CurrentUserProfileView.swift */ = {isa = PBXFileReference; lastKnownFileType = sourcecode.swift; path = CurrentUserProfileView.swift; sourceTree = "<group>"; };
		A3830EE42B29A7FA00F0744B /* Post.swift */ = {isa = PBXFileReference; lastKnownFileType = sourcecode.swift; path = Post.swift; sourceTree = "<group>"; };
		A3830EE62B29B20300F0744B /* PostGridView.swift */ = {isa = PBXFileReference; lastKnownFileType = sourcecode.swift; path = PostGridView.swift; sourceTree = "<group>"; };
		A3830EE82B29B60E00F0744B /* ProfileHeaderView.swift */ = {isa = PBXFileReference; lastKnownFileType = sourcecode.swift; path = ProfileHeaderView.swift; sourceTree = "<group>"; };
		A3A0AE5A2B27197A00216DCF /* Instagram.app */ = {isa = PBXFileReference; explicitFileType = wrapper.application; includeInIndex = 0; path = Instagram.app; sourceTree = BUILT_PRODUCTS_DIR; };
		A3A0AE5D2B27197A00216DCF /* InstagramApp.swift */ = {isa = PBXFileReference; lastKnownFileType = sourcecode.swift; path = InstagramApp.swift; sourceTree = "<group>"; };
		A3A0AE5F2B27197A00216DCF /* ContentView.swift */ = {isa = PBXFileReference; lastKnownFileType = sourcecode.swift; path = ContentView.swift; sourceTree = "<group>"; };
		A3A0AE612B27197E00216DCF /* Assets.xcassets */ = {isa = PBXFileReference; lastKnownFileType = folder.assetcatalog; path = Assets.xcassets; sourceTree = "<group>"; };
		A3A0AE632B27197E00216DCF /* Instagram.entitlements */ = {isa = PBXFileReference; lastKnownFileType = text.plist.entitlements; path = Instagram.entitlements; sourceTree = "<group>"; };
		A3A0AE652B27197E00216DCF /* Preview Assets.xcassets */ = {isa = PBXFileReference; lastKnownFileType = folder.assetcatalog; path = "Preview Assets.xcassets"; sourceTree = "<group>"; };
		A3A0AE782B2723F500216DCF /* MainTabView.swift */ = {isa = PBXFileReference; lastKnownFileType = sourcecode.swift; path = MainTabView.swift; sourceTree = "<group>"; };
		A3A0AE7B2B27256200216DCF /* ProfileView.swift */ = {isa = PBXFileReference; lastKnownFileType = sourcecode.swift; path = ProfileView.swift; sourceTree = "<group>"; };
		A3A0AE7E2B272E1E00216DCF /* UserStatView.swift */ = {isa = PBXFileReference; lastKnownFileType = sourcecode.swift; path = UserStatView.swift; sourceTree = "<group>"; };
		A3A0AE802B27361700216DCF /* FeedView.swift */ = {isa = PBXFileReference; lastKnownFileType = sourcecode.swift; path = FeedView.swift; sourceTree = "<group>"; };
		A3A0AE822B27362600216DCF /* FeedCell.swift */ = {isa = PBXFileReference; lastKnownFileType = sourcecode.swift; path = FeedCell.swift; sourceTree = "<group>"; };
		A3A0AE842B273E0400216DCF /* SearchView.swift */ = {isa = PBXFileReference; lastKnownFileType = sourcecode.swift; path = SearchView.swift; sourceTree = "<group>"; };
		A3A0AE862B2741AE00216DCF /* readme.md */ = {isa = PBXFileReference; lastKnownFileType = net.daringfireball.markdown; path = readme.md; sourceTree = "<group>"; };
		A3A0AE882B2741E400216DCF /* LoginView.swift */ = {isa = PBXFileReference; lastKnownFileType = sourcecode.swift; path = LoginView.swift; sourceTree = "<group>"; };
/* End PBXFileReference section */

/* Begin PBXFrameworksBuildPhase section */
		A3A0AE572B27197A00216DCF /* Frameworks */ = {
			isa = PBXFrameworksBuildPhase;
			buildActionMask = 2147483647;
			files = (
			);
			runOnlyForDeploymentPostprocessing = 0;
		};
/* End PBXFrameworksBuildPhase section */

/* Begin PBXGroup section */
		A3A0AE512B27197A00216DCF = {
			isa = PBXGroup;
			children = (
				A3A0AE862B2741AE00216DCF /* readme.md */,
				A3A0AE5C2B27197A00216DCF /* Instagram */,
				A3A0AE5B2B27197A00216DCF /* Products */,
			);
			sourceTree = "<group>";
		};
		A3A0AE5B2B27197A00216DCF /* Products */ = {
			isa = PBXGroup;
			children = (
				A3A0AE5A2B27197A00216DCF /* Instagram.app */,
			);
			name = Products;
			sourceTree = "<group>";
		};
		A3A0AE5C2B27197A00216DCF /* Instagram */ = {
			isa = PBXGroup;
			children = (
				A3A0AE702B2722A200216DCF /* App */,
				A3A0AE6F2B2722A100216DCF /* Core */,
				A3A0AE6E2B27229B00216DCF /* Extensions */,
				A3A0AE6D2B27229900216DCF /* Model */,
				A3A0AE6C2B27229700216DCF /* Services */,
				A3A0AE5F2B27197A00216DCF /* ContentView.swift */,
				A3A0AE612B27197E00216DCF /* Assets.xcassets */,
				A3A0AE632B27197E00216DCF /* Instagram.entitlements */,
				A3A0AE642B27197E00216DCF /* Preview Content */,
			);
			path = Instagram;
			sourceTree = "<group>";
		};
		A3A0AE642B27197E00216DCF /* Preview Content */ = {
			isa = PBXGroup;
			children = (
				A3A0AE652B27197E00216DCF /* Preview Assets.xcassets */,
			);
			path = "Preview Content";
			sourceTree = "<group>";
		};
		A3A0AE6C2B27229700216DCF /* Services */ = {
			isa = PBXGroup;
			children = (
			);
			path = Services;
			sourceTree = "<group>";
		};
		A3A0AE6D2B27229900216DCF /* Model */ = {
			isa = PBXGroup;
			children = (
				A3830EE02B29985F00F0744B /* User.swift */,
				A3830EE42B29A7FA00F0744B /* Post.swift */,
			);
			path = Model;
			sourceTree = "<group>";
		};
		A3A0AE6E2B27229B00216DCF /* Extensions */ = {
			isa = PBXGroup;
			children = (
			);
			path = Extensions;
			sourceTree = "<group>";
		};
		A3A0AE6F2B2722A100216DCF /* Core */ = {
			isa = PBXGroup;
			children = (
				A3A0AE712B2722FF00216DCF /* Authentication */,
				A3A0AE7D2B272D1D00216DCF /* Components */,
				A3A0AE752B27232800216DCF /* Feed */,
				A3A0AE722B27230500216DCF /* Profile */,
				A3A0AE732B27230E00216DCF /* Root */,
				A3A0AE762B27238300216DCF /* TabBar */,
				A3A0AE742B27232100216DCF /* Search */,
				A3A0AE772B27238D00216DCF /* UploadPost */,
			);
			path = Core;
			sourceTree = "<group>";
		};
		A3A0AE702B2722A200216DCF /* App */ = {
			isa = PBXGroup;
			children = (
				A3A0AE5D2B27197A00216DCF /* InstagramApp.swift */,
			);
			path = App;
			sourceTree = "<group>";
		};
		A3A0AE712B2722FF00216DCF /* Authentication */ = {
			isa = PBXGroup;
			children = (
				A3A0AE882B2741E400216DCF /* LoginView.swift */,
				A375B3A02B29735D005D85B4 /* AddEmailView.swift */,
				A375B3A42B297E3F005D85B4 /* CreateUsernameView.swift */,
				A375B3A62B2980B8005D85B4 /* CreatePasswordView.swift */,
				A375B3A82B298674005D85B4 /* CompleteSignupView.swift */,
			);
			path = Authentication;
			sourceTree = "<group>";
		};
		A3A0AE722B27230500216DCF /* Profile */ = {
			isa = PBXGroup;
			children = (
				A3A0AE7B2B27256200216DCF /* ProfileView.swift */,
				A3830EE22B29A38700F0744B /* CurrentUserProfileView.swift */,
				A3830EE82B29B60E00F0744B /* ProfileHeaderView.swift */,
			);
			path = Profile;
			sourceTree = "<group>";
		};
		A3A0AE732B27230E00216DCF /* Root */ = {
			isa = PBXGroup;
			children = (
			);
			path = Root;
			sourceTree = "<group>";
		};
		A3A0AE742B27232100216DCF /* Search */ = {
			isa = PBXGroup;
			children = (
				A3A0AE842B273E0400216DCF /* SearchView.swift */,
			);
			path = Search;
			sourceTree = "<group>";
		};
		A3A0AE752B27232800216DCF /* Feed */ = {
			isa = PBXGroup;
			children = (
				A3A0AE802B27361700216DCF /* FeedView.swift */,
				A3A0AE822B27362600216DCF /* FeedCell.swift */,
			);
			path = Feed;
			sourceTree = "<group>";
		};
		A3A0AE762B27238300216DCF /* TabBar */ = {
			isa = PBXGroup;
			children = (
				A3A0AE782B2723F500216DCF /* MainTabView.swift */,
			);
			path = TabBar;
			sourceTree = "<group>";
		};
		A3A0AE772B27238D00216DCF /* UploadPost */ = {
			isa = PBXGroup;
			children = (
			);
			path = UploadPost;
			sourceTree = "<group>";
		};
		A3A0AE7D2B272D1D00216DCF /* Components */ = {
			isa = PBXGroup;
			children = (
				A3A0AE7E2B272E1E00216DCF /* UserStatView.swift */,
				A375B3A22B297C7A005D85B4 /* IGTextFieldModifier.swift */,
				A3830EE62B29B20300F0744B /* PostGridView.swift */,
			);
			path = Components;
			sourceTree = "<group>";
		};
/* End PBXGroup section */

/* Begin PBXNativeTarget section */
		A3A0AE592B27197A00216DCF /* Instagram */ = {
			isa = PBXNativeTarget;
			buildConfigurationList = A3A0AE692B27197E00216DCF /* Build configuration list for PBXNativeTarget "Instagram" */;
			buildPhases = (
				A3A0AE562B27197A00216DCF /* Sources */,
				A3A0AE572B27197A00216DCF /* Frameworks */,
				A3A0AE582B27197A00216DCF /* Resources */,
			);
			buildRules = (
			);
			dependencies = (
			);
			name = Instagram;
			productName = Instagram;
			productReference = A3A0AE5A2B27197A00216DCF /* Instagram.app */;
			productType = "com.apple.product-type.application";
		};
/* End PBXNativeTarget section */

/* Begin PBXProject section */
		A3A0AE522B27197A00216DCF /* Project object */ = {
			isa = PBXProject;
			attributes = {
				BuildIndependentTargetsInParallel = 1;
				LastSwiftUpdateCheck = 1430;
				LastUpgradeCheck = 1430;
				TargetAttributes = {
					A3A0AE592B27197A00216DCF = {
						CreatedOnToolsVersion = 14.3.1;
					};
				};
			};
			buildConfigurationList = A3A0AE552B27197A00216DCF /* Build configuration list for PBXProject "Instagram" */;
			compatibilityVersion = "Xcode 14.0";
			developmentRegion = en;
			hasScannedForEncodings = 0;
			knownRegions = (
				en,
				Base,
			);
			mainGroup = A3A0AE512B27197A00216DCF;
			productRefGroup = A3A0AE5B2B27197A00216DCF /* Products */;
			projectDirPath = "";
			projectRoot = "";
			targets = (
				A3A0AE592B27197A00216DCF /* Instagram */,
			);
		};
/* End PBXProject section */

/* Begin PBXResourcesBuildPhase section */
		A3A0AE582B27197A00216DCF /* Resources */ = {
			isa = PBXResourcesBuildPhase;
			buildActionMask = 2147483647;
			files = (
				A3A0AE662B27197E00216DCF /* Preview Assets.xcassets in Resources */,
				A3A0AE872B2741AE00216DCF /* readme.md in Resources */,
				A3A0AE622B27197E00216DCF /* Assets.xcassets in Resources */,
			);
			runOnlyForDeploymentPostprocessing = 0;
		};
/* End PBXResourcesBuildPhase section */

/* Begin PBXSourcesBuildPhase section */
		A3A0AE562B27197A00216DCF /* Sources */ = {
			isa = PBXSourcesBuildPhase;
			buildActionMask = 2147483647;
			files = (
				A3A0AE832B27362600216DCF /* FeedCell.swift in Sources */,
				A3A0AE7C2B27256200216DCF /* ProfileView.swift in Sources */,
				A3A0AE602B27197A00216DCF /* ContentView.swift in Sources */,
				A3A0AE892B2741E400216DCF /* LoginView.swift in Sources */,
				A3830EE52B29A7FA00F0744B /* Post.swift in Sources */,
				A3A0AE5E2B27197A00216DCF /* InstagramApp.swift in Sources */,
				A375B3A12B29735D005D85B4 /* AddEmailView.swift in Sources */,
				A3830EE32B29A38700F0744B /* CurrentUserProfileView.swift in Sources */,
				A3830EE72B29B20300F0744B /* PostGridView.swift in Sources */,
				A375B3A52B297E3F005D85B4 /* CreateUsernameView.swift in Sources */,
				A3830EE92B29B60E00F0744B /* ProfileHeaderView.swift in Sources */,
				A3A0AE852B273E0400216DCF /* SearchView.swift in Sources */,
				A3830EE12B29985F00F0744B /* User.swift in Sources */,
				A375B3A32B297C7A005D85B4 /* IGTextFieldModifier.swift in Sources */,
				A375B3A92B298674005D85B4 /* CompleteSignupView.swift in Sources */,
				A3A0AE7F2B272E1E00216DCF /* UserStatView.swift in Sources */,
				A3A0AE812B27361700216DCF /* FeedView.swift in Sources */,
				A3A0AE792B2723F500216DCF /* MainTabView.swift in Sources */,
				A375B3A72B2980B8005D85B4 /* CreatePasswordView.swift in Sources */,
			);
			runOnlyForDeploymentPostprocessing = 0;
		};
/* End PBXSourcesBuildPhase section */

/* Begin XCBuildConfiguration section */
		A3A0AE672B27197E00216DCF /* Debug */ = {
			isa = XCBuildConfiguration;
			buildSettings = {
				ALWAYS_SEARCH_USER_PATHS = NO;
				CLANG_ANALYZER_NONNULL = YES;
				CLANG_ANALYZER_NUMBER_OBJECT_CONVERSION = YES_AGGRESSIVE;
				CLANG_CXX_LANGUAGE_STANDARD = "gnu++20";
				CLANG_ENABLE_MODULES = YES;
				CLANG_ENABLE_OBJC_ARC = YES;
				CLANG_ENABLE_OBJC_WEAK = YES;
				CLANG_WARN_BLOCK_CAPTURE_AUTORELEASING = YES;
				CLANG_WARN_BOOL_CONVERSION = YES;
				CLANG_WARN_COMMA = YES;
				CLANG_WARN_CONSTANT_CONVERSION = YES;
				CLANG_WARN_DEPRECATED_OBJC_IMPLEMENTATIONS = YES;
				CLANG_WARN_DIRECT_OBJC_ISA_USAGE = YES_ERROR;
				CLANG_WARN_DOCUMENTATION_COMMENTS = YES;
				CLANG_WARN_EMPTY_BODY = YES;
				CLANG_WARN_ENUM_CONVERSION = YES;
				CLANG_WARN_INFINITE_RECURSION = YES;
				CLANG_WARN_INT_CONVERSION = YES;
				CLANG_WARN_NON_LITERAL_NULL_CONVERSION = YES;
				CLANG_WARN_OBJC_IMPLICIT_RETAIN_SELF = YES;
				CLANG_WARN_OBJC_LITERAL_CONVERSION = YES;
				CLANG_WARN_OBJC_ROOT_CLASS = YES_ERROR;
				CLANG_WARN_QUOTED_INCLUDE_IN_FRAMEWORK_HEADER = YES;
				CLANG_WARN_RANGE_LOOP_ANALYSIS = YES;
				CLANG_WARN_STRICT_PROTOTYPES = YES;
				CLANG_WARN_SUSPICIOUS_MOVE = YES;
				CLANG_WARN_UNGUARDED_AVAILABILITY = YES_AGGRESSIVE;
				CLANG_WARN_UNREACHABLE_CODE = YES;
				CLANG_WARN__DUPLICATE_METHOD_MATCH = YES;
				COPY_PHASE_STRIP = NO;
				DEBUG_INFORMATION_FORMAT = dwarf;
				ENABLE_STRICT_OBJC_MSGSEND = YES;
				ENABLE_TESTABILITY = YES;
				GCC_C_LANGUAGE_STANDARD = gnu11;
				GCC_DYNAMIC_NO_PIC = NO;
				GCC_NO_COMMON_BLOCKS = YES;
				GCC_OPTIMIZATION_LEVEL = 0;
				GCC_PREPROCESSOR_DEFINITIONS = (
					"DEBUG=1",
					"$(inherited)",
				);
				GCC_WARN_64_TO_32_BIT_CONVERSION = YES;
				GCC_WARN_ABOUT_RETURN_TYPE = YES_ERROR;
				GCC_WARN_UNDECLARED_SELECTOR = YES;
				GCC_WARN_UNINITIALIZED_AUTOS = YES_AGGRESSIVE;
				GCC_WARN_UNUSED_FUNCTION = YES;
				GCC_WARN_UNUSED_VARIABLE = YES;
				MTL_ENABLE_DEBUG_INFO = INCLUDE_SOURCE;
				MTL_FAST_MATH = YES;
				ONLY_ACTIVE_ARCH = YES;
				SWIFT_ACTIVE_COMPILATION_CONDITIONS = DEBUG;
				SWIFT_OPTIMIZATION_LEVEL = "-Onone";
			};
			name = Debug;
		};
		A3A0AE682B27197E00216DCF /* Release */ = {
			isa = XCBuildConfiguration;
			buildSettings = {
				ALWAYS_SEARCH_USER_PATHS = NO;
				CLANG_ANALYZER_NONNULL = YES;
				CLANG_ANALYZER_NUMBER_OBJECT_CONVERSION = YES_AGGRESSIVE;
				CLANG_CXX_LANGUAGE_STANDARD = "gnu++20";
				CLANG_ENABLE_MODULES = YES;
				CLANG_ENABLE_OBJC_ARC = YES;
				CLANG_ENABLE_OBJC_WEAK = YES;
				CLANG_WARN_BLOCK_CAPTURE_AUTORELEASING = YES;
				CLANG_WARN_BOOL_CONVERSION = YES;
				CLANG_WARN_COMMA = YES;
				CLANG_WARN_CONSTANT_CONVERSION = YES;
				CLANG_WARN_DEPRECATED_OBJC_IMPLEMENTATIONS = YES;
				CLANG_WARN_DIRECT_OBJC_ISA_USAGE = YES_ERROR;
				CLANG_WARN_DOCUMENTATION_COMMENTS = YES;
				CLANG_WARN_EMPTY_BODY = YES;
				CLANG_WARN_ENUM_CONVERSION = YES;
				CLANG_WARN_INFINITE_RECURSION = YES;
				CLANG_WARN_INT_CONVERSION = YES;
				CLANG_WARN_NON_LITERAL_NULL_CONVERSION = YES;
				CLANG_WARN_OBJC_IMPLICIT_RETAIN_SELF = YES;
				CLANG_WARN_OBJC_LITERAL_CONVERSION = YES;
				CLANG_WARN_OBJC_ROOT_CLASS = YES_ERROR;
				CLANG_WARN_QUOTED_INCLUDE_IN_FRAMEWORK_HEADER = YES;
				CLANG_WARN_RANGE_LOOP_ANALYSIS = YES;
				CLANG_WARN_STRICT_PROTOTYPES = YES;
				CLANG_WARN_SUSPICIOUS_MOVE = YES;
				CLANG_WARN_UNGUARDED_AVAILABILITY = YES_AGGRESSIVE;
				CLANG_WARN_UNREACHABLE_CODE = YES;
				CLANG_WARN__DUPLICATE_METHOD_MATCH = YES;
				COPY_PHASE_STRIP = NO;
				DEBUG_INFORMATION_FORMAT = "dwarf-with-dsym";
				ENABLE_NS_ASSERTIONS = NO;
				ENABLE_STRICT_OBJC_MSGSEND = YES;
				GCC_C_LANGUAGE_STANDARD = gnu11;
				GCC_NO_COMMON_BLOCKS = YES;
				GCC_WARN_64_TO_32_BIT_CONVERSION = YES;
				GCC_WARN_ABOUT_RETURN_TYPE = YES_ERROR;
				GCC_WARN_UNDECLARED_SELECTOR = YES;
				GCC_WARN_UNINITIALIZED_AUTOS = YES_AGGRESSIVE;
				GCC_WARN_UNUSED_FUNCTION = YES;
				GCC_WARN_UNUSED_VARIABLE = YES;
				MTL_ENABLE_DEBUG_INFO = NO;
				MTL_FAST_MATH = YES;
				SWIFT_COMPILATION_MODE = wholemodule;
				SWIFT_OPTIMIZATION_LEVEL = "-O";
			};
			name = Release;
		};
		A3A0AE6A2B27197E00216DCF /* Debug */ = {
			isa = XCBuildConfiguration;
			buildSettings = {
				ASSETCATALOG_COMPILER_APPICON_NAME = AppIcon;
				ASSETCATALOG_COMPILER_GLOBAL_ACCENT_COLOR_NAME = AccentColor;
				CODE_SIGN_ENTITLEMENTS = Instagram/Instagram.entitlements;
				CODE_SIGN_STYLE = Automatic;
				CURRENT_PROJECT_VERSION = 1;
				DEVELOPMENT_ASSET_PATHS = "\"Instagram/Preview Content\"";
				DEVELOPMENT_TEAM = H8Q452Q9H8;
				ENABLE_HARDENED_RUNTIME = YES;
				ENABLE_PREVIEWS = YES;
				GENERATE_INFOPLIST_FILE = YES;
				"INFOPLIST_KEY_UIApplicationSceneManifest_Generation[sdk=iphoneos*]" = YES;
				"INFOPLIST_KEY_UIApplicationSceneManifest_Generation[sdk=iphonesimulator*]" = YES;
				"INFOPLIST_KEY_UIApplicationSupportsIndirectInputEvents[sdk=iphoneos*]" = YES;
				"INFOPLIST_KEY_UIApplicationSupportsIndirectInputEvents[sdk=iphonesimulator*]" = YES;
				"INFOPLIST_KEY_UILaunchScreen_Generation[sdk=iphoneos*]" = YES;
				"INFOPLIST_KEY_UILaunchScreen_Generation[sdk=iphonesimulator*]" = YES;
				"INFOPLIST_KEY_UIStatusBarStyle[sdk=iphoneos*]" = UIStatusBarStyleDefault;
				"INFOPLIST_KEY_UIStatusBarStyle[sdk=iphonesimulator*]" = UIStatusBarStyleDefault;
				INFOPLIST_KEY_UISupportedInterfaceOrientations_iPad = "UIInterfaceOrientationPortrait UIInterfaceOrientationPortraitUpsideDown UIInterfaceOrientationLandscapeLeft UIInterfaceOrientationLandscapeRight";
				INFOPLIST_KEY_UISupportedInterfaceOrientations_iPhone = "UIInterfaceOrientationPortrait UIInterfaceOrientationLandscapeLeft UIInterfaceOrientationLandscapeRight";
				IPHONEOS_DEPLOYMENT_TARGET = 16.4;
				LD_RUNPATH_SEARCH_PATHS = "@executable_path/Frameworks";
				"LD_RUNPATH_SEARCH_PATHS[sdk=macosx*]" = "@executable_path/../Frameworks";
				MACOSX_DEPLOYMENT_TARGET = 13.2;
				MARKETING_VERSION = 1.0;
				PRODUCT_BUNDLE_IDENTIFIER = com.safiribytes.Instagram;
				PRODUCT_NAME = "$(TARGET_NAME)";
				SDKROOT = auto;
				SUPPORTED_PLATFORMS = "iphoneos iphonesimulator macosx";
				SWIFT_EMIT_LOC_STRINGS = YES;
				SWIFT_VERSION = 5.0;
				TARGETED_DEVICE_FAMILY = "1,2";
			};
			name = Debug;
		};
		A3A0AE6B2B27197E00216DCF /* Release */ = {
			isa = XCBuildConfiguration;
			buildSettings = {
				ASSETCATALOG_COMPILER_APPICON_NAME = AppIcon;
				ASSETCATALOG_COMPILER_GLOBAL_ACCENT_COLOR_NAME = AccentColor;
				CODE_SIGN_ENTITLEMENTS = Instagram/Instagram.entitlements;
				CODE_SIGN_STYLE = Automatic;
				CURRENT_PROJECT_VERSION = 1;
				DEVELOPMENT_ASSET_PATHS = "\"Instagram/Preview Content\"";
				DEVELOPMENT_TEAM = H8Q452Q9H8;
				ENABLE_HARDENED_RUNTIME = YES;
				ENABLE_PREVIEWS = YES;
				GENERATE_INFOPLIST_FILE = YES;
				"INFOPLIST_KEY_UIApplicationSceneManifest_Generation[sdk=iphoneos*]" = YES;
				"INFOPLIST_KEY_UIApplicationSceneManifest_Generation[sdk=iphonesimulator*]" = YES;
				"INFOPLIST_KEY_UIApplicationSupportsIndirectInputEvents[sdk=iphoneos*]" = YES;
				"INFOPLIST_KEY_UIApplicationSupportsIndirectInputEvents[sdk=iphonesimulator*]" = YES;
				"INFOPLIST_KEY_UILaunchScreen_Generation[sdk=iphoneos*]" = YES;
				"INFOPLIST_KEY_UILaunchScreen_Generation[sdk=iphonesimulator*]" = YES;
				"INFOPLIST_KEY_UIStatusBarStyle[sdk=iphoneos*]" = UIStatusBarStyleDefault;
				"INFOPLIST_KEY_UIStatusBarStyle[sdk=iphonesimulator*]" = UIStatusBarStyleDefault;
				INFOPLIST_KEY_UISupportedInterfaceOrientations_iPad = "UIInterfaceOrientationPortrait UIInterfaceOrientationPortraitUpsideDown UIInterfaceOrientationLandscapeLeft UIInterfaceOrientationLandscapeRight";
				INFOPLIST_KEY_UISupportedInterfaceOrientations_iPhone = "UIInterfaceOrientationPortrait UIInterfaceOrientationLandscapeLeft UIInterfaceOrientationLandscapeRight";
				IPHONEOS_DEPLOYMENT_TARGET = 16.4;
				LD_RUNPATH_SEARCH_PATHS = "@executable_path/Frameworks";
				"LD_RUNPATH_SEARCH_PATHS[sdk=macosx*]" = "@executable_path/../Frameworks";
				MACOSX_DEPLOYMENT_TARGET = 13.2;
				MARKETING_VERSION = 1.0;
				PRODUCT_BUNDLE_IDENTIFIER = com.safiribytes.Instagram;
				PRODUCT_NAME = "$(TARGET_NAME)";
				SDKROOT = auto;
				SUPPORTED_PLATFORMS = "iphoneos iphonesimulator macosx";
				SWIFT_EMIT_LOC_STRINGS = YES;
				SWIFT_VERSION = 5.0;
				TARGETED_DEVICE_FAMILY = "1,2";
			};
			name = Release;
		};
/* End XCBuildConfiguration section */

/* Begin XCConfigurationList section */
		A3A0AE552B27197A00216DCF /* Build configuration list for PBXProject "Instagram" */ = {
			isa = XCConfigurationList;
			buildConfigurations = (
				A3A0AE672B27197E00216DCF /* Debug */,
				A3A0AE682B27197E00216DCF /* Release */,
			);
			defaultConfigurationIsVisible = 0;
			defaultConfigurationName = Release;
		};
		A3A0AE692B27197E00216DCF /* Build configuration list for PBXNativeTarget "Instagram" */ = {
			isa = XCConfigurationList;
			buildConfigurations = (
				A3A0AE6A2B27197E00216DCF /* Debug */,
				A3A0AE6B2B27197E00216DCF /* Release */,
			);
			defaultConfigurationIsVisible = 0;
			defaultConfigurationName = Release;
		};
/* End XCConfigurationList section */
	};
	rootObject = A3A0AE522B27197A00216DCF /* Project object */;
}
